// !$*UTF8*$!
{
	archiveVersion = 1;
	classes = {
	};
	objectVersion = 77;
	objects = {

/* Begin PBXBuildFile section */
		66BEE8392E79C4CE00E7046E /* splashBackground.mov in Resources */ = {isa = PBXBuildFile; fileRef = 66BEE8382E79C4CE00E7046E /* splashBackground.mov */; };
		66BEE83E2E79C9F800E7046E /* Lottie in Frameworks */ = {isa = PBXBuildFile; productRef = 66BEE83D2E79C9F800E7046E /* Lottie */; };
/* End PBXBuildFile section */

/* Begin PBXContainerItemProxy section */
		66BEE81C2E79B00A00E7046E /* PBXContainerItemProxy */ = {
			isa = PBXContainerItemProxy;
			containerPortal = 66BEE8062E79B00900E7046E /* Project object */;
			proxyType = 1;
			remoteGlobalIDString = 66BEE80D2E79B00900E7046E;
			remoteInfo = JotItDownApp;
		};
		66BEE8262E79B00A00E7046E /* PBXContainerItemProxy */ = {
			isa = PBXContainerItemProxy;
			containerPortal = 66BEE8062E79B00900E7046E /* Project object */;
			proxyType = 1;
			remoteGlobalIDString = 66BEE80D2E79B00900E7046E;
			remoteInfo = JotItDownApp;
		};
/* End PBXContainerItemProxy section */

/* Begin PBXCopyFilesBuildPhase section */
		66BEE8422E79CC6200E7046E /* Embed Frameworks */ = {
			isa = PBXCopyFilesBuildPhase;
			buildActionMask = 2147483647;
			dstPath = "";
			dstSubfolderSpec = 10;
			files = (
			);
			name = "Embed Frameworks";
			runOnlyForDeploymentPostprocessing = 0;
		};
/* End PBXCopyFilesBuildPhase section */

/* Begin PBXFileReference section */
		66BEE80E2E79B00900E7046E /* JotItDownApp.app */ = {isa = PBXFileReference; explicitFileType = wrapper.application; includeInIndex = 0; path = JotItDownApp.app; sourceTree = BUILT_PRODUCTS_DIR; };
		66BEE81B2E79B00A00E7046E /* JotItDownAppTests.xctest */ = {isa = PBXFileReference; explicitFileType = wrapper.cfbundle; includeInIndex = 0; path = JotItDownAppTests.xctest; sourceTree = BUILT_PRODUCTS_DIR; };
		66BEE8252E79B00A00E7046E /* JotItDownAppUITests.xctest */ = {isa = PBXFileReference; explicitFileType = wrapper.cfbundle; includeInIndex = 0; path = JotItDownAppUITests.xctest; sourceTree = BUILT_PRODUCTS_DIR; };
		66BEE8382E79C4CE00E7046E /* splashBackground.mov */ = {isa = PBXFileReference; lastKnownFileType = video.quicktime; path = splashBackground.mov; sourceTree = "<group>"; };
/* End PBXFileReference section */

/* Begin PBXFileSystemSynchronizedRootGroup section */
		66BEE8102E79B00900E7046E /* JotItDownApp */ = {
			isa = PBXFileSystemSynchronizedRootGroup;
			path = JotItDownApp;
			sourceTree = "<group>";
		};
		66BEE81E2E79B00A00E7046E /* JotItDownAppTests */ = {
			isa = PBXFileSystemSynchronizedRootGroup;
			path = JotItDownAppTests;
			sourceTree = "<group>";
		};
		66BEE8282E79B00A00E7046E /* JotItDownAppUITests */ = {
			isa = PBXFileSystemSynchronizedRootGroup;
			path = JotItDownAppUITests;
			sourceTree = "<group>";
		};
/* End PBXFileSystemSynchronizedRootGroup section */

/* Begin PBXFrameworksBuildPhase section */
		66BEE80B2E79B00900E7046E /* Frameworks */ = {
			isa = PBXFrameworksBuildPhase;
			buildActionMask = 2147483647;
			files = (
				66BEE83E2E79C9F800E7046E /* Lottie in Frameworks */,
			);
			runOnlyForDeploymentPostprocessing = 0;
		};
		66BEE8182E79B00A00E7046E /* Frameworks */ = {
			isa = PBXFrameworksBuildPhase;
			buildActionMask = 2147483647;
			files = (
			);
			runOnlyForDeploymentPostprocessing = 0;
		};
		66BEE8222E79B00A00E7046E /* Frameworks */ = {
			isa = PBXFrameworksBuildPhase;
			buildActionMask = 2147483647;
			files = (
			);
			runOnlyForDeploymentPostprocessing = 0;
		};
/* End PBXFrameworksBuildPhase section */

/* Begin PBXGroup section */
		66BEE8052E79B00900E7046E = {
			isa = PBXGroup;
			children = (
				66BEE8102E79B00900E7046E /* JotItDownApp */,
				66BEE81E2E79B00A00E7046E /* JotItDownAppTests */,
				66BEE8282E79B00A00E7046E /* JotItDownAppUITests */,
				66BEE8382E79C4CE00E7046E /* splashBackground.mov */,
				66BEE80F2E79B00900E7046E /* Products */,
			);
			sourceTree = "<group>";
		};
		66BEE80F2E79B00900E7046E /* Products */ = {
			isa = PBXGroup;
			children = (
				66BEE80E2E79B00900E7046E /* JotItDownApp.app */,
				66BEE81B2E79B00A00E7046E /* JotItDownAppTests.xctest */,
				66BEE8252E79B00A00E7046E /* JotItDownAppUITests.xctest */,
			);
			name = Products;
			sourceTree = "<group>";
		};
/* End PBXGroup section */

/* Begin PBXNativeTarget section */
		66BEE80D2E79B00900E7046E /* JotItDownApp */ = {
			isa = PBXNativeTarget;
			buildConfigurationList = 66BEE82F2E79B00A00E7046E /* Build configuration list for PBXNativeTarget "JotItDownApp" */;
			buildPhases = (
				66BEE80A2E79B00900E7046E /* Sources */,
				66BEE80B2E79B00900E7046E /* Frameworks */,
				66BEE80C2E79B00900E7046E /* Resources */,
				66BEE8422E79CC6200E7046E /* Embed Frameworks */,
			);
			buildRules = (
			);
			dependencies = (
			);
			fileSystemSynchronizedGroups = (
				66BEE8102E79B00900E7046E /* JotItDownApp */,
			);
			name = JotItDownApp;
			packageProductDependencies = (
				66BEE83D2E79C9F800E7046E /* Lottie */,
			);
			productName = JotItDownApp;
			productReference = 66BEE80E2E79B00900E7046E /* JotItDownApp.app */;
			productType = "com.apple.product-type.application";
		};
		66BEE81A2E79B00A00E7046E /* JotItDownAppTests */ = {
			isa = PBXNativeTarget;
			buildConfigurationList = 66BEE8322E79B00A00E7046E /* Build configuration list for PBXNativeTarget "JotItDownAppTests" */;
			buildPhases = (
				66BEE8172E79B00A00E7046E /* Sources */,
				66BEE8182E79B00A00E7046E /* Frameworks */,
				66BEE8192E79B00A00E7046E /* Resources */,
			);
			buildRules = (
			);
			dependencies = (
				66BEE81D2E79B00A00E7046E /* PBXTargetDependency */,
			);
			fileSystemSynchronizedGroups = (
				66BEE81E2E79B00A00E7046E /* JotItDownAppTests */,
			);
			name = JotItDownAppTests;
			packageProductDependencies = (
			);
			productName = JotItDownAppTests;
			productReference = 66BEE81B2E79B00A00E7046E /* JotItDownAppTests.xctest */;
			productType = "com.apple.product-type.bundle.unit-test";
		};
		66BEE8242E79B00A00E7046E /* JotItDownAppUITests */ = {
			isa = PBXNativeTarget;
			buildConfigurationList = 66BEE8352E79B00A00E7046E /* Build configuration list for PBXNativeTarget "JotItDownAppUITests" */;
			buildPhases = (
				66BEE8212E79B00A00E7046E /* Sources */,
				66BEE8222E79B00A00E7046E /* Frameworks */,
				66BEE8232E79B00A00E7046E /* Resources */,
			);
			buildRules = (
			);
			dependencies = (
				66BEE8272E79B00A00E7046E /* PBXTargetDependency */,
			);
			fileSystemSynchronizedGroups = (
				66BEE8282E79B00A00E7046E /* JotItDownAppUITests */,
			);
			name = JotItDownAppUITests;
			packageProductDependencies = (
			);
			productName = JotItDownAppUITests;
			productReference = 66BEE8252E79B00A00E7046E /* JotItDownAppUITests.xctest */;
			productType = "com.apple.product-type.bundle.ui-testing";
		};
/* End PBXNativeTarget section */

/* Begin PBXProject section */
		66BEE8062E79B00900E7046E /* Project object */ = {
			isa = PBXProject;
			attributes = {
				BuildIndependentTargetsInParallel = 1;
				LastSwiftUpdateCheck = 1640;
				LastUpgradeCheck = 1640;
				TargetAttributes = {
					66BEE80D2E79B00900E7046E = {
						CreatedOnToolsVersion = 16.4;
					};
					66BEE81A2E79B00A00E7046E = {
						CreatedOnToolsVersion = 16.4;
						TestTargetID = 66BEE80D2E79B00900E7046E;
					};
					66BEE8242E79B00A00E7046E = {
						CreatedOnToolsVersion = 16.4;
						TestTargetID = 66BEE80D2E79B00900E7046E;
					};
				};
			};
			buildConfigurationList = 66BEE8092E79B00900E7046E /* Build configuration list for PBXProject "JotItDownApp" */;
			developmentRegion = en;
			hasScannedForEncodings = 0;
			knownRegions = (
				en,
				Base,
			);
			mainGroup = 66BEE8052E79B00900E7046E;
			minimizedProjectReferenceProxies = 1;
			packageReferences = (
				66BEE83C2E79C90E00E7046E /* XCRemoteSwiftPackageReference "lottie-ios" */,
			);
			preferredProjectObjectVersion = 77;
			productRefGroup = 66BEE80F2E79B00900E7046E /* Products */;
			projectDirPath = "";
			projectRoot = "";
			targets = (
				66BEE80D2E79B00900E7046E /* JotItDownApp */,
				66BEE81A2E79B00A00E7046E /* JotItDownAppTests */,
				66BEE8242E79B00A00E7046E /* JotItDownAppUITests */,
			);
		};
/* End PBXProject section */

/* Begin PBXResourcesBuildPhase section */
		66BEE80C2E79B00900E7046E /* Resources */ = {
			isa = PBXResourcesBuildPhase;
			buildActionMask = 2147483647;
			files = (
				66BEE8392E79C4CE00E7046E /* splashBackground.mov in Resources */,
			);
			runOnlyForDeploymentPostprocessing = 0;
		};
		66BEE8192E79B00A00E7046E /* Resources */ = {
			isa = PBXResourcesBuildPhase;
			buildActionMask = 2147483647;
			files = (
			);
			runOnlyForDeploymentPostprocessing = 0;
		};
		66BEE8232E79B00A00E7046E /* Resources */ = {
			isa = PBXResourcesBuildPhase;
			buildActionMask = 2147483647;
			files = (
			);
			runOnlyForDeploymentPostprocessing = 0;
		};
/* End PBXResourcesBuildPhase section */

/* Begin PBXSourcesBuildPhase section */
		66BEE80A2E79B00900E7046E /* Sources */ = {
			isa = PBXSourcesBuildPhase;
			buildActionMask = 2147483647;
			files = (
			);
			runOnlyForDeploymentPostprocessing = 0;
		};
		66BEE8172E79B00A00E7046E /* Sources */ = {
			isa = PBXSourcesBuildPhase;
			buildActionMask = 2147483647;
			files = (
			);
			runOnlyForDeploymentPostprocessing = 0;
		};
		66BEE8212E79B00A00E7046E /* Sources */ = {
			isa = PBXSourcesBuildPhase;
			buildActionMask = 2147483647;
			files = (
			);
			runOnlyForDeploymentPostprocessing = 0;
		};
/* End PBXSourcesBuildPhase section */

/* Begin PBXTargetDependency section */
		66BEE81D2E79B00A00E7046E /* PBXTargetDependency */ = {
			isa = PBXTargetDependency;
			target = 66BEE80D2E79B00900E7046E /* JotItDownApp */;
			targetProxy = 66BEE81C2E79B00A00E7046E /* PBXContainerItemProxy */;
		};
		66BEE8272E79B00A00E7046E /* PBXTargetDependency */ = {
			isa = PBXTargetDependency;
			target = 66BEE80D2E79B00900E7046E /* JotItDownApp */;
			targetProxy = 66BEE8262E79B00A00E7046E /* PBXContainerItemProxy */;
		};
/* End PBXTargetDependency section */

/* Begin XCBuildConfiguration section */
		66BEE82D2E79B00A00E7046E /* Debug */ = {
			isa = XCBuildConfiguration;
			buildSettings = {
				ALWAYS_SEARCH_USER_PATHS = NO;
				ASSETCATALOG_COMPILER_GENERATE_SWIFT_ASSET_SYMBOL_EXTENSIONS = YES;
				CLANG_ANALYZER_NONNULL = YES;
				CLANG_ANALYZER_NUMBER_OBJECT_CONVERSION = YES_AGGRESSIVE;
				CLANG_CXX_LANGUAGE_STANDARD = "gnu++20";
				CLANG_ENABLE_MODULES = YES;
				CLANG_ENABLE_OBJC_ARC = YES;
				CLANG_ENABLE_OBJC_WEAK = YES;
				CLANG_WARN_BLOCK_CAPTURE_AUTORELEASING = YES;
				CLANG_WARN_BOOL_CONVERSION = YES;
				CLANG_WARN_COMMA = YES;
				CLANG_WARN_CONSTANT_CONVERSION = YES;
				CLANG_WARN_DEPRECATED_OBJC_IMPLEMENTATIONS = YES;
				CLANG_WARN_DIRECT_OBJC_ISA_USAGE = YES_ERROR;
				CLANG_WARN_DOCUMENTATION_COMMENTS = YES;
				CLANG_WARN_EMPTY_BODY = YES;
				CLANG_WARN_ENUM_CONVERSION = YES;
				CLANG_WARN_INFINITE_RECURSION = YES;
				CLANG_WARN_INT_CONVERSION = YES;
				CLANG_WARN_NON_LITERAL_NULL_CONVERSION = YES;
				CLANG_WARN_OBJC_IMPLICIT_RETAIN_SELF = YES;
				CLANG_WARN_OBJC_LITERAL_CONVERSION = YES;
				CLANG_WARN_OBJC_ROOT_CLASS = YES_ERROR;
				CLANG_WARN_QUOTED_INCLUDE_IN_FRAMEWORK_HEADER = YES;
				CLANG_WARN_RANGE_LOOP_ANALYSIS = YES;
				CLANG_WARN_STRICT_PROTOTYPES = YES;
				CLANG_WARN_SUSPICIOUS_MOVE = YES;
				CLANG_WARN_UNGUARDED_AVAILABILITY = YES_AGGRESSIVE;
				CLANG_WARN_UNREACHABLE_CODE = YES;
				CLANG_WARN__DUPLICATE_METHOD_MATCH = YES;
				COPY_PHASE_STRIP = NO;
				DEBUG_INFORMATION_FORMAT = dwarf;
				DEVELOPMENT_TEAM = V6UZ764B5D;
				ENABLE_STRICT_OBJC_MSGSEND = YES;
				ENABLE_TESTABILITY = YES;
				ENABLE_USER_SCRIPT_SANDBOXING = YES;
				GCC_C_LANGUAGE_STANDARD = gnu17;
				GCC_DYNAMIC_NO_PIC = NO;
				GCC_NO_COMMON_BLOCKS = YES;
				GCC_OPTIMIZATION_LEVEL = 0;
				GCC_PREPROCESSOR_DEFINITIONS = (
					"DEBUG=1",
					"$(inherited)",
				);
				GCC_WARN_64_TO_32_BIT_CONVERSION = YES;
				GCC_WARN_ABOUT_RETURN_TYPE = YES_ERROR;
				GCC_WARN_UNDECLARED_SELECTOR = YES;
				GCC_WARN_UNINITIALIZED_AUTOS = YES_AGGRESSIVE;
				GCC_WARN_UNUSED_FUNCTION = YES;
				GCC_WARN_UNUSED_VARIABLE = YES;
				IPHONEOS_DEPLOYMENT_TARGET = 18.5;
				LOCALIZATION_PREFERS_STRING_CATALOGS = YES;
				MTL_ENABLE_DEBUG_INFO = INCLUDE_SOURCE;
				MTL_FAST_MATH = YES;
				ONLY_ACTIVE_ARCH = YES;
				SDKROOT = iphoneos;
				SWIFT_ACTIVE_COMPILATION_CONDITIONS = "DEBUG $(inherited)";
				SWIFT_OPTIMIZATION_LEVEL = "-Onone";
			};
			name = Debug;
		};
		66BEE82E2E79B00A00E7046E /* Release */ = {
			isa = XCBuildConfiguration;
			buildSettings = {
				ALWAYS_SEARCH_USER_PATHS = NO;
				ASSETCATALOG_COMPILER_GENERATE_SWIFT_ASSET_SYMBOL_EXTENSIONS = YES;
				CLANG_ANALYZER_NONNULL = YES;
				CLANG_ANALYZER_NUMBER_OBJECT_CONVERSION = YES_AGGRESSIVE;
				CLANG_CXX_LANGUAGE_STANDARD = "gnu++20";
				CLANG_ENABLE_MODULES = YES;
				CLANG_ENABLE_OBJC_ARC = YES;
				CLANG_ENABLE_OBJC_WEAK = YES;
				CLANG_WARN_BLOCK_CAPTURE_AUTORELEASING = YES;
				CLANG_WARN_BOOL_CONVERSION = YES;
				CLANG_WARN_COMMA = YES;
				CLANG_WARN_CONSTANT_CONVERSION = YES;
				CLANG_WARN_DEPRECATED_OBJC_IMPLEMENTATIONS = YES;
				CLANG_WARN_DIRECT_OBJC_ISA_USAGE = YES_ERROR;
				CLANG_WARN_DOCUMENTATION_COMMENTS = YES;
				CLANG_WARN_EMPTY_BODY = YES;
				CLANG_WARN_ENUM_CONVERSION = YES;
				CLANG_WARN_INFINITE_RECURSION = YES;
				CLANG_WARN_INT_CONVERSION = YES;
				CLANG_WARN_NON_LITERAL_NULL_CONVERSION = YES;
				CLANG_WARN_OBJC_IMPLICIT_RETAIN_SELF = YES;
				CLANG_WARN_OBJC_LITERAL_CONVERSION = YES;
				CLANG_WARN_OBJC_ROOT_CLASS = YES_ERROR;
				CLANG_WARN_QUOTED_INCLUDE_IN_FRAMEWORK_HEADER = YES;
				CLANG_WARN_RANGE_LOOP_ANALYSIS = YES;
				CLANG_WARN_STRICT_PROTOTYPES = YES;
				CLANG_WARN_SUSPICIOUS_MOVE = YES;
				CLANG_WARN_UNGUARDED_AVAILABILITY = YES_AGGRESSIVE;
				CLANG_WARN_UNREACHABLE_CODE = YES;
				CLANG_WARN__DUPLICATE_METHOD_MATCH = YES;
				COPY_PHASE_STRIP = NO;
				DEBUG_INFORMATION_FORMAT = "dwarf-with-dsym";
				DEVELOPMENT_TEAM = V6UZ764B5D;
				ENABLE_NS_ASSERTIONS = NO;
				ENABLE_STRICT_OBJC_MSGSEND = YES;
				ENABLE_USER_SCRIPT_SANDBOXING = YES;
				GCC_C_LANGUAGE_STANDARD = gnu17;
				GCC_NO_COMMON_BLOCKS = YES;
				GCC_WARN_64_TO_32_BIT_CONVERSION = YES;
				GCC_WARN_ABOUT_RETURN_TYPE = YES_ERROR;
				GCC_WARN_UNDECLARED_SELECTOR = YES;
				GCC_WARN_UNINITIALIZED_AUTOS = YES_AGGRESSIVE;
				GCC_WARN_UNUSED_FUNCTION = YES;
				GCC_WARN_UNUSED_VARIABLE = YES;
				IPHONEOS_DEPLOYMENT_TARGET = 18.5;
				LOCALIZATION_PREFERS_STRING_CATALOGS = YES;
				MTL_ENABLE_DEBUG_INFO = NO;
				MTL_FAST_MATH = YES;
				SDKROOT = iphoneos;
				SWIFT_COMPILATION_MODE = wholemodule;
				VALIDATE_PRODUCT = YES;
			};
			name = Release;
		};
		66BEE8302E79B00A00E7046E /* Debug */ = {
			isa = XCBuildConfiguration;
			buildSettings = {
				ASSETCATALOG_COMPILER_APPICON_NAME = AppIcon;
				ASSETCATALOG_COMPILER_GLOBAL_ACCENT_COLOR_NAME = AccentColor;
				CODE_SIGN_STYLE = Automatic;
				CURRENT_PROJECT_VERSION = 1;
				DEVELOPMENT_TEAM = V6UZ764B5D;
				ENABLE_PREVIEWS = YES;
				GENERATE_INFOPLIST_FILE = YES;
				INFOPLIST_KEY_UIApplicationSceneManifest_Generation = YES;
				INFOPLIST_KEY_UIApplicationSupportsIndirectInputEvents = YES;
				INFOPLIST_KEY_UILaunchScreen_Generation = YES;
				INFOPLIST_KEY_UISupportedInterfaceOrientations_iPad = "UIInterfaceOrientationPortrait UIInterfaceOrientationPortraitUpsideDown UIInterfaceOrientationLandscapeLeft UIInterfaceOrientationLandscapeRight";
				INFOPLIST_KEY_UISupportedInterfaceOrientations_iPhone = "UIInterfaceOrientationPortrait UIInterfaceOrientationLandscapeLeft UIInterfaceOrientationLandscapeRight";
				LD_RUNPATH_SEARCH_PATHS = (
					"$(inherited)",
					"@executable_path/Frameworks",
				);
				MARKETING_VERSION = 1.0;
				PRODUCT_BUNDLE_IDENTIFIER = com.IYA.PMP.JotItDownApp;
				PRODUCT_NAME = "$(TARGET_NAME)";
				SWIFT_EMIT_LOC_STRINGS = YES;
				SWIFT_VERSION = 5.0;
				TARGETED_DEVICE_FAMILY = "1,2";
			};
			name = Debug;
		};
		66BEE8312E79B00A00E7046E /* Release */ = {
			isa = XCBuildConfiguration;
			buildSettings = {
				ASSETCATALOG_COMPILER_APPICON_NAME = AppIcon;
				ASSETCATALOG_COMPILER_GLOBAL_ACCENT_COLOR_NAME = AccentColor;
				CODE_SIGN_STYLE = Automatic;
				CURRENT_PROJECT_VERSION = 1;
				DEVELOPMENT_TEAM = V6UZ764B5D;
				ENABLE_PREVIEWS = YES;
				GENERATE_INFOPLIST_FILE = YES;
				INFOPLIST_KEY_UIApplicationSceneManifest_Generation = YES;
				INFOPLIST_KEY_UIApplicationSupportsIndirectInputEvents = YES;
				INFOPLIST_KEY_UILaunchScreen_Generation = YES;
				INFOPLIST_KEY_UISupportedInterfaceOrientations_iPad = "UIInterfaceOrientationPortrait UIInterfaceOrientationPortraitUpsideDown UIInterfaceOrientationLandscapeLeft UIInterfaceOrientationLandscapeRight";
				INFOPLIST_KEY_UISupportedInterfaceOrientations_iPhone = "UIInterfaceOrientationPortrait UIInterfaceOrientationLandscapeLeft UIInterfaceOrientationLandscapeRight";
				LD_RUNPATH_SEARCH_PATHS = (
					"$(inherited)",
					"@executable_path/Frameworks",
				);
				MARKETING_VERSION = 1.0;
				PRODUCT_BUNDLE_IDENTIFIER = com.IYA.PMP.JotItDownApp;
				PRODUCT_NAME = "$(TARGET_NAME)";
				SWIFT_EMIT_LOC_STRINGS = YES;
				SWIFT_VERSION = 5.0;
				TARGETED_DEVICE_FAMILY = "1,2";
			};
			name = Release;
		};
		66BEE8332E79B00A00E7046E /* Debug */ = {
			isa = XCBuildConfiguration;
			buildSettings = {
				BUNDLE_LOADER = "$(TEST_HOST)";
				CODE_SIGN_STYLE = Automatic;
				CURRENT_PROJECT_VERSION = 1;
				DEVELOPMENT_TEAM = V6UZ764B5D;
				GENERATE_INFOPLIST_FILE = YES;
				IPHONEOS_DEPLOYMENT_TARGET = 18.5;
				MARKETING_VERSION = 1.0;
				PRODUCT_BUNDLE_IDENTIFIER = com.IYA.PMP.JotItDownAppTests;
				PRODUCT_NAME = "$(TARGET_NAME)";
				SWIFT_EMIT_LOC_STRINGS = NO;
				SWIFT_VERSION = 5.0;
				TARGETED_DEVICE_FAMILY = "1,2";
				TEST_HOST = "$(BUILT_PRODUCTS_DIR)/JotItDownApp.app/$(BUNDLE_EXECUTABLE_FOLDER_PATH)/JotItDownApp";
			};
			name = Debug;
		};
		66BEE8342E79B00A00E7046E /* Release */ = {
			isa = XCBuildConfiguration;
			buildSettings = {
				BUNDLE_LOADER = "$(TEST_HOST)";
				CODE_SIGN_STYLE = Automatic;
				CURRENT_PROJECT_VERSION = 1;
				DEVELOPMENT_TEAM = V6UZ764B5D;
				GENERATE_INFOPLIST_FILE = YES;
				IPHONEOS_DEPLOYMENT_TARGET = 18.5;
				MARKETING_VERSION = 1.0;
				PRODUCT_BUNDLE_IDENTIFIER = com.IYA.PMP.JotItDownAppTests;
				PRODUCT_NAME = "$(TARGET_NAME)";
				SWIFT_EMIT_LOC_STRINGS = NO;
				SWIFT_VERSION = 5.0;
				TARGETED_DEVICE_FAMILY = "1,2";
				TEST_HOST = "$(BUILT_PRODUCTS_DIR)/JotItDownApp.app/$(BUNDLE_EXECUTABLE_FOLDER_PATH)/JotItDownApp";
			};
			name = Release;
		};
		66BEE8362E79B00A00E7046E /* Debug */ = {
			isa = XCBuildConfiguration;
			buildSettings = {
				CODE_SIGN_STYLE = Automatic;
				CURRENT_PROJECT_VERSION = 1;
				DEVELOPMENT_TEAM = V6UZ764B5D;
				GENERATE_INFOPLIST_FILE = YES;
				MARKETING_VERSION = 1.0;
				PRODUCT_BUNDLE_IDENTIFIER = com.IYA.PMP.JotItDownAppUITests;
				PRODUCT_NAME = "$(TARGET_NAME)";
				SWIFT_EMIT_LOC_STRINGS = NO;
				SWIFT_VERSION = 5.0;
				TARGETED_DEVICE_FAMILY = "1,2";
				TEST_TARGET_NAME = JotItDownApp;
			};
			name = Debug;
		};
		66BEE8372E79B00A00E7046E /* Release */ = {
			isa = XCBuildConfiguration;
			buildSettings = {
				CODE_SIGN_STYLE = Automatic;
				CURRENT_PROJECT_VERSION = 1;
				DEVELOPMENT_TEAM = V6UZ764B5D;
				GENERATE_INFOPLIST_FILE = YES;
				MARKETING_VERSION = 1.0;
				PRODUCT_BUNDLE_IDENTIFIER = com.IYA.PMP.JotItDownAppUITests;
				PRODUCT_NAME = "$(TARGET_NAME)";
				SWIFT_EMIT_LOC_STRINGS = NO;
				SWIFT_VERSION = 5.0;
				TARGETED_DEVICE_FAMILY = "1,2";
				TEST_TARGET_NAME = JotItDownApp;
			};
			name = Release;
		};
/* End XCBuildConfiguration section */

/* Begin XCConfigurationList section */
		66BEE8092E79B00900E7046E /* Build configuration list for PBXProject "JotItDownApp" */ = {
			isa = XCConfigurationList;
			buildConfigurations = (
				66BEE82D2E79B00A00E7046E /* Debug */,
				66BEE82E2E79B00A00E7046E /* Release */,
			);
			defaultConfigurationIsVisible = 0;
			defaultConfigurationName = Release;
		};
		66BEE82F2E79B00A00E7046E /* Build configuration list for PBXNativeTarget "JotItDownApp" */ = {
			isa = XCConfigurationList;
			buildConfigurations = (
				66BEE8302E79B00A00E7046E /* Debug */,
				66BEE8312E79B00A00E7046E /* Release */,
			);
			defaultConfigurationIsVisible = 0;
			defaultConfigurationName = Release;
		};
		66BEE8322E79B00A00E7046E /* Build configuration list for PBXNativeTarget "JotItDownAppTests" */ = {
			isa = XCConfigurationList;
			buildConfigurations = (
				66BEE8332E79B00A00E7046E /* Debug */,
				66BEE8342E79B00A00E7046E /* Release */,
			);
			defaultConfigurationIsVisible = 0;
			defaultConfigurationName = Release;
		};
		66BEE8352E79B00A00E7046E /* Build configuration list for PBXNativeTarget "JotItDownAppUITests" */ = {
			isa = XCConfigurationList;
			buildConfigurations = (
				66BEE8362E79B00A00E7046E /* Debug */,
				66BEE8372E79B00A00E7046E /* Release */,
			);
			defaultConfigurationIsVisible = 0;
			defaultConfigurationName = Release;
		};
/* End XCConfigurationList section */

/* Begin XCRemoteSwiftPackageReference section */
		66BEE83C2E79C90E00E7046E /* XCRemoteSwiftPackageReference "lottie-ios" */ = {
			isa = XCRemoteSwiftPackageReference;
			repositoryURL = "https://github.com/airbnb/lottie-ios.git";
			requirement = {
				kind = upToNextMajorVersion;
				minimumVersion = 4.5.2;
			};
		};
/* End XCRemoteSwiftPackageReference section */

/* Begin XCSwiftPackageProductDependency section */
		66BEE83D2E79C9F800E7046E /* Lottie */ = {
			isa = XCSwiftPackageProductDependency;
			package = 66BEE83C2E79C90E00E7046E /* XCRemoteSwiftPackageReference "lottie-ios" */;
			productName = Lottie;
		};
/* End XCSwiftPackageProductDependency section */
	};
	rootObject = 66BEE8062E79B00900E7046E /* Project object */;
}
